// !$*UTF8*$!
{
	archiveVersion = 1;
	classes = {
	};
	objectVersion = 50;
	objects = {

/* Begin PBXBuildFile section */
		D310DFF42344C97500D8E471 /* Patient.swift in Sources */ = {isa = PBXBuildFile; fileRef = D310DFF32344C97500D8E471 /* Patient.swift */; };
		D310DFF62344C98800D8E471 /* PatientPresenter.swift in Sources */ = {isa = PBXBuildFile; fileRef = D310DFF52344C98800D8E471 /* PatientPresenter.swift */; };
		D310DFF82344D33500D8E471 /* PatientService.swift in Sources */ = {isa = PBXBuildFile; fileRef = D310DFF72344D33500D8E471 /* PatientService.swift */; };
		D34FA96D2343F5FE00FD5865 /* PatientView.swift in Sources */ = {isa = PBXBuildFile; fileRef = D34FA96C2343F5FE00FD5865 /* PatientView.swift */; };
		D34FA96F2343F62500FD5865 /* PatientViewController.swift in Sources */ = {isa = PBXBuildFile; fileRef = D34FA96E2343F62500FD5865 /* PatientViewController.swift */; };
		D36D6FE62343F1AB005AA574 /* AppDelegate.swift in Sources */ = {isa = PBXBuildFile; fileRef = D36D6FE52343F1AB005AA574 /* AppDelegate.swift */; };
		D36D6FED2343F1AE005AA574 /* Assets.xcassets in Resources */ = {isa = PBXBuildFile; fileRef = D36D6FEC2343F1AE005AA574 /* Assets.xcassets */; };
		D36D6FF02343F1AE005AA574 /* LaunchScreen.storyboard in Resources */ = {isa = PBXBuildFile; fileRef = D36D6FEE2343F1AE005AA574 /* LaunchScreen.storyboard */; };
		D36D6FFB2343F1AF005AA574 /* rsqRecruitmentTests.swift in Sources */ = {isa = PBXBuildFile; fileRef = D36D6FFA2343F1AF005AA574 /* rsqRecruitmentTests.swift */; };
		D3C6544F2344FF00009EDF50 /* DrugViewController.swift in Sources */ = {isa = PBXBuildFile; fileRef = D3C6544E2344FF00009EDF50 /* DrugViewController.swift */; };
		D3C6545523455E29009EDF50 /* PatientsList.swift in Sources */ = {isa = PBXBuildFile; fileRef = D3C6545423455E29009EDF50 /* PatientsList.swift */; };
		D3C6545723455E46009EDF50 /* PatientData.swift in Sources */ = {isa = PBXBuildFile; fileRef = D3C6545623455E46009EDF50 /* PatientData.swift */; };
		D3C6545923455E69009EDF50 /* Drug.swift in Sources */ = {isa = PBXBuildFile; fileRef = D3C6545823455E69009EDF50 /* Drug.swift */; };
		D3C6545B23456B08009EDF50 /* DrugPresenter.swift in Sources */ = {isa = PBXBuildFile; fileRef = D3C6545A23456B08009EDF50 /* DrugPresenter.swift */; };
/* End PBXBuildFile section */

/* Begin PBXContainerItemProxy section */
		D36D6FF72343F1AF005AA574 /* PBXContainerItemProxy */ = {
			isa = PBXContainerItemProxy;
			containerPortal = D36D6FDA2343F1AB005AA574 /* Project object */;
			proxyType = 1;
			remoteGlobalIDString = D36D6FE12343F1AB005AA574;
			remoteInfo = rsqRecruitment;
		};
/* End PBXContainerItemProxy section */

/* Begin PBXFileReference section */
		D310DFF32344C97500D8E471 /* Patient.swift */ = {isa = PBXFileReference; fileEncoding = 4; lastKnownFileType = sourcecode.swift; path = Patient.swift; sourceTree = "<group>"; };
		D310DFF52344C98800D8E471 /* PatientPresenter.swift */ = {isa = PBXFileReference; fileEncoding = 4; lastKnownFileType = sourcecode.swift; path = PatientPresenter.swift; sourceTree = "<group>"; };
		D310DFF72344D33500D8E471 /* PatientService.swift */ = {isa = PBXFileReference; lastKnownFileType = sourcecode.swift; name = PatientService.swift; path = ../PatientService.swift; sourceTree = "<group>"; };
		D34FA96C2343F5FE00FD5865 /* PatientView.swift */ = {isa = PBXFileReference; lastKnownFileType = sourcecode.swift; path = PatientView.swift; sourceTree = "<group>"; };
		D34FA96E2343F62500FD5865 /* PatientViewController.swift */ = {isa = PBXFileReference; lastKnownFileType = sourcecode.swift; path = PatientViewController.swift; sourceTree = "<group>"; };
		D36D6FE22343F1AB005AA574 /* rsqRecruitment.app */ = {isa = PBXFileReference; explicitFileType = wrapper.application; includeInIndex = 0; path = rsqRecruitment.app; sourceTree = BUILT_PRODUCTS_DIR; };
		D36D6FE52343F1AB005AA574 /* AppDelegate.swift */ = {isa = PBXFileReference; lastKnownFileType = sourcecode.swift; path = AppDelegate.swift; sourceTree = "<group>"; };
		D36D6FEC2343F1AE005AA574 /* Assets.xcassets */ = {isa = PBXFileReference; lastKnownFileType = folder.assetcatalog; path = Assets.xcassets; sourceTree = "<group>"; };
		D36D6FEF2343F1AE005AA574 /* Base */ = {isa = PBXFileReference; lastKnownFileType = file.storyboard; name = Base; path = Base.lproj/LaunchScreen.storyboard; sourceTree = "<group>"; };
		D36D6FF12343F1AE005AA574 /* Info.plist */ = {isa = PBXFileReference; lastKnownFileType = text.plist.xml; path = Info.plist; sourceTree = "<group>"; };
		D36D6FF62343F1AF005AA574 /* rsqRecruitmentTests.xctest */ = {isa = PBXFileReference; explicitFileType = wrapper.cfbundle; includeInIndex = 0; path = rsqRecruitmentTests.xctest; sourceTree = BUILT_PRODUCTS_DIR; };
		D36D6FFA2343F1AF005AA574 /* rsqRecruitmentTests.swift */ = {isa = PBXFileReference; lastKnownFileType = sourcecode.swift; path = rsqRecruitmentTests.swift; sourceTree = "<group>"; };
		D36D6FFC2343F1AF005AA574 /* Info.plist */ = {isa = PBXFileReference; lastKnownFileType = text.plist.xml; path = Info.plist; sourceTree = "<group>"; };
		D3C6544E2344FF00009EDF50 /* DrugViewController.swift */ = {isa = PBXFileReference; lastKnownFileType = sourcecode.swift; path = DrugViewController.swift; sourceTree = "<group>"; };
		D3C6545423455E29009EDF50 /* PatientsList.swift */ = {isa = PBXFileReference; lastKnownFileType = sourcecode.swift; path = PatientsList.swift; sourceTree = "<group>"; };
		D3C6545623455E46009EDF50 /* PatientData.swift */ = {isa = PBXFileReference; lastKnownFileType = sourcecode.swift; path = PatientData.swift; sourceTree = "<group>"; };
		D3C6545823455E69009EDF50 /* Drug.swift */ = {isa = PBXFileReference; lastKnownFileType = sourcecode.swift; path = Drug.swift; sourceTree = "<group>"; };
		D3C6545A23456B08009EDF50 /* DrugPresenter.swift */ = {isa = PBXFileReference; lastKnownFileType = sourcecode.swift; path = DrugPresenter.swift; sourceTree = "<group>"; };
/* End PBXFileReference section */

/* Begin PBXFrameworksBuildPhase section */
		D36D6FDF2343F1AB005AA574 /* Frameworks */ = {
			isa = PBXFrameworksBuildPhase;
			buildActionMask = 2147483647;
			files = (
			);
			runOnlyForDeploymentPostprocessing = 0;
		};
		D36D6FF32343F1AF005AA574 /* Frameworks */ = {
			isa = PBXFrameworksBuildPhase;
			buildActionMask = 2147483647;
			files = (
			);
			runOnlyForDeploymentPostprocessing = 0;
		};
/* End PBXFrameworksBuildPhase section */

/* Begin PBXGroup section */
		D310DFF92344D33E00D8E471 /* Services */ = {
			isa = PBXGroup;
			children = (
				D310DFF72344D33500D8E471 /* PatientService.swift */,
			);
			path = Services;
			sourceTree = "<group>";
		};
		D31FD6622344C85800830F81 /* Presenters */ = {
			isa = PBXGroup;
			children = (
				D310DFF52344C98800D8E471 /* PatientPresenter.swift */,
				D3C6545A23456B08009EDF50 /* DrugPresenter.swift */,
			);
			path = Presenters;
			sourceTree = "<group>";
		};
		D34FA9702343F62D00FD5865 /* Views */ = {
			isa = PBXGroup;
			children = (
				D34FA96C2343F5FE00FD5865 /* PatientView.swift */,
				D34FA96E2343F62500FD5865 /* PatientViewController.swift */,
				D3C6544E2344FF00009EDF50 /* DrugViewController.swift */,
			);
			path = Views;
			sourceTree = "<group>";
		};
		D34FA9752344C61600FD5865 /* Model */ = {
			isa = PBXGroup;
			children = (
				D3C6545423455E29009EDF50 /* PatientsList.swift */,
				D310DFF32344C97500D8E471 /* Patient.swift */,
				D3C6545623455E46009EDF50 /* PatientData.swift */,
				D3C6545823455E69009EDF50 /* Drug.swift */,
			);
			path = Model;
			sourceTree = "<group>";
		};
		D36D6FD92343F1AB005AA574 = {
			isa = PBXGroup;
			children = (
				D36D6FE42343F1AB005AA574 /* rsqRecruitment */,
				D36D6FF92343F1AF005AA574 /* rsqRecruitmentTests */,
				D36D6FE32343F1AB005AA574 /* Products */,
			);
			sourceTree = "<group>";
		};
		D36D6FE32343F1AB005AA574 /* Products */ = {
			isa = PBXGroup;
			children = (
				D36D6FE22343F1AB005AA574 /* rsqRecruitment.app */,
				D36D6FF62343F1AF005AA574 /* rsqRecruitmentTests.xctest */,
			);
			name = Products;
			sourceTree = "<group>";
		};
		D36D6FE42343F1AB005AA574 /* rsqRecruitment */ = {
			isa = PBXGroup;
			children = (
				D34FA9752344C61600FD5865 /* Model */,
				D34FA9702343F62D00FD5865 /* Views */,
				D31FD6622344C85800830F81 /* Presenters */,
				D310DFF92344D33E00D8E471 /* Services */,
				D36D6FE52343F1AB005AA574 /* AppDelegate.swift */,
				D36D6FEC2343F1AE005AA574 /* Assets.xcassets */,
				D36D6FEE2343F1AE005AA574 /* LaunchScreen.storyboard */,
				D36D6FF12343F1AE005AA574 /* Info.plist */,
			);
			path = rsqRecruitment;
			sourceTree = "<group>";
		};
		D36D6FF92343F1AF005AA574 /* rsqRecruitmentTests */ = {
			isa = PBXGroup;
			children = (
				D36D6FFA2343F1AF005AA574 /* rsqRecruitmentTests.swift */,
				D36D6FFC2343F1AF005AA574 /* Info.plist */,
			);
			path = rsqRecruitmentTests;
			sourceTree = "<group>";
		};
/* End PBXGroup section */

/* Begin PBXNativeTarget section */
		D36D6FE12343F1AB005AA574 /* rsqRecruitment */ = {
			isa = PBXNativeTarget;
			buildConfigurationList = D36D6FFF2343F1AF005AA574 /* Build configuration list for PBXNativeTarget "rsqRecruitment" */;
			buildPhases = (
				D36D6FDE2343F1AB005AA574 /* Sources */,
				D36D6FDF2343F1AB005AA574 /* Frameworks */,
				D36D6FE02343F1AB005AA574 /* Resources */,
			);
			buildRules = (
			);
			dependencies = (
			);
			name = rsqRecruitment;
			productName = rsqRecruitment;
			productReference = D36D6FE22343F1AB005AA574 /* rsqRecruitment.app */;
			productType = "com.apple.product-type.application";
		};
		D36D6FF52343F1AF005AA574 /* rsqRecruitmentTests */ = {
			isa = PBXNativeTarget;
			buildConfigurationList = D36D70022343F1AF005AA574 /* Build configuration list for PBXNativeTarget "rsqRecruitmentTests" */;
			buildPhases = (
				D36D6FF22343F1AF005AA574 /* Sources */,
				D36D6FF32343F1AF005AA574 /* Frameworks */,
				D36D6FF42343F1AF005AA574 /* Resources */,
			);
			buildRules = (
			);
			dependencies = (
				D36D6FF82343F1AF005AA574 /* PBXTargetDependency */,
			);
			name = rsqRecruitmentTests;
			productName = rsqRecruitmentTests;
			productReference = D36D6FF62343F1AF005AA574 /* rsqRecruitmentTests.xctest */;
			productType = "com.apple.product-type.bundle.unit-test";
		};
/* End PBXNativeTarget section */

/* Begin PBXProject section */
		D36D6FDA2343F1AB005AA574 /* Project object */ = {
			isa = PBXProject;
			attributes = {
				LastSwiftUpdateCheck = 1030;
				LastUpgradeCheck = 1030;
				ORGANIZATIONNAME = "Jan Malewski";
				TargetAttributes = {
					D36D6FE12343F1AB005AA574 = {
						CreatedOnToolsVersion = 10.3;
					};
					D36D6FF52343F1AF005AA574 = {
						CreatedOnToolsVersion = 10.3;
						TestTargetID = D36D6FE12343F1AB005AA574;
					};
				};
			};
			buildConfigurationList = D36D6FDD2343F1AB005AA574 /* Build configuration list for PBXProject "rsqRecruitment" */;
			compatibilityVersion = "Xcode 9.3";
			developmentRegion = en;
			hasScannedForEncodings = 0;
			knownRegions = (
				en,
				Base,
			);
			mainGroup = D36D6FD92343F1AB005AA574;
			productRefGroup = D36D6FE32343F1AB005AA574 /* Products */;
			projectDirPath = "";
			projectRoot = "";
			targets = (
				D36D6FE12343F1AB005AA574 /* rsqRecruitment */,
				D36D6FF52343F1AF005AA574 /* rsqRecruitmentTests */,
			);
		};
/* End PBXProject section */

/* Begin PBXResourcesBuildPhase section */
		D36D6FE02343F1AB005AA574 /* Resources */ = {
			isa = PBXResourcesBuildPhase;
			buildActionMask = 2147483647;
			files = (
				D36D6FF02343F1AE005AA574 /* LaunchScreen.storyboard in Resources */,
				D36D6FED2343F1AE005AA574 /* Assets.xcassets in Resources */,
			);
			runOnlyForDeploymentPostprocessing = 0;
		};
		D36D6FF42343F1AF005AA574 /* Resources */ = {
			isa = PBXResourcesBuildPhase;
			buildActionMask = 2147483647;
			files = (
			);
			runOnlyForDeploymentPostprocessing = 0;
		};
/* End PBXResourcesBuildPhase section */

/* Begin PBXSourcesBuildPhase section */
		D36D6FDE2343F1AB005AA574 /* Sources */ = {
			isa = PBXSourcesBuildPhase;
			buildActionMask = 2147483647;
			files = (
				D34FA96D2343F5FE00FD5865 /* PatientView.swift in Sources */,
				D3C6545523455E29009EDF50 /* PatientsList.swift in Sources */,
				D310DFF82344D33500D8E471 /* PatientService.swift in Sources */,
				D3C6545923455E69009EDF50 /* Drug.swift in Sources */,
				D3C6545723455E46009EDF50 /* PatientData.swift in Sources */,
				D34FA96F2343F62500FD5865 /* PatientViewController.swift in Sources */,
				D3C6544F2344FF00009EDF50 /* DrugViewController.swift in Sources */,
				D310DFF62344C98800D8E471 /* PatientPresenter.swift in Sources */,
				D36D6FE62343F1AB005AA574 /* AppDelegate.swift in Sources */,
				D310DFF42344C97500D8E471 /* Patient.swift in Sources */,
				D3C6545B23456B08009EDF50 /* DrugPresenter.swift in Sources */,
			);
			runOnlyForDeploymentPostprocessing = 0;
		};
		D36D6FF22343F1AF005AA574 /* Sources */ = {
			isa = PBXSourcesBuildPhase;
			buildActionMask = 2147483647;
			files = (
				D36D6FFB2343F1AF005AA574 /* rsqRecruitmentTests.swift in Sources */,
			);
			runOnlyForDeploymentPostprocessing = 0;
		};
/* End PBXSourcesBuildPhase section */

/* Begin PBXTargetDependency section */
		D36D6FF82343F1AF005AA574 /* PBXTargetDependency */ = {
			isa = PBXTargetDependency;
			target = D36D6FE12343F1AB005AA574 /* rsqRecruitment */;
			targetProxy = D36D6FF72343F1AF005AA574 /* PBXContainerItemProxy */;
		};
/* End PBXTargetDependency section */

/* Begin PBXVariantGroup section */
		D36D6FEE2343F1AE005AA574 /* LaunchScreen.storyboard */ = {
			isa = PBXVariantGroup;
			children = (
				D36D6FEF2343F1AE005AA574 /* Base */,
			);
			name = LaunchScreen.storyboard;
			sourceTree = "<group>";
		};
/* End PBXVariantGroup section */

/* Begin XCBuildConfiguration section */
		D36D6FFD2343F1AF005AA574 /* Debug */ = {
			isa = XCBuildConfiguration;
			buildSettings = {
				ALWAYS_SEARCH_USER_PATHS = NO;
				CLANG_ANALYZER_NONNULL = YES;
				CLANG_ANALYZER_NUMBER_OBJECT_CONVERSION = YES_AGGRESSIVE;
				CLANG_CXX_LANGUAGE_STANDARD = "gnu++14";
				CLANG_CXX_LIBRARY = "libc++";
				CLANG_ENABLE_MODULES = YES;
				CLANG_ENABLE_OBJC_ARC = YES;
				CLANG_ENABLE_OBJC_WEAK = YES;
				CLANG_WARN_BLOCK_CAPTURE_AUTORELEASING = YES;
				CLANG_WARN_BOOL_CONVERSION = YES;
				CLANG_WARN_COMMA = YES;
				CLANG_WARN_CONSTANT_CONVERSION = YES;
				CLANG_WARN_DEPRECATED_OBJC_IMPLEMENTATIONS = YES;
				CLANG_WARN_DIRECT_OBJC_ISA_USAGE = YES_ERROR;
				CLANG_WARN_DOCUMENTATION_COMMENTS = YES;
				CLANG_WARN_EMPTY_BODY = YES;
				CLANG_WARN_ENUM_CONVERSION = YES;
				CLANG_WARN_INFINITE_RECURSION = YES;
				CLANG_WARN_INT_CONVERSION = YES;
				CLANG_WARN_NON_LITERAL_NULL_CONVERSION = YES;
				CLANG_WARN_OBJC_IMPLICIT_RETAIN_SELF = YES;
				CLANG_WARN_OBJC_LITERAL_CONVERSION = YES;
				CLANG_WARN_OBJC_ROOT_CLASS = YES_ERROR;
				CLANG_WARN_RANGE_LOOP_ANALYSIS = YES;
				CLANG_WARN_STRICT_PROTOTYPES = YES;
				CLANG_WARN_SUSPICIOUS_MOVE = YES;
				CLANG_WARN_UNGUARDED_AVAILABILITY = YES_AGGRESSIVE;
				CLANG_WARN_UNREACHABLE_CODE = YES;
				CLANG_WARN__DUPLICATE_METHOD_MATCH = YES;
				CODE_SIGN_IDENTITY = "iPhone Developer";
				COPY_PHASE_STRIP = NO;
				DEBUG_INFORMATION_FORMAT = dwarf;
				ENABLE_STRICT_OBJC_MSGSEND = YES;
				ENABLE_TESTABILITY = YES;
				GCC_C_LANGUAGE_STANDARD = gnu11;
				GCC_DYNAMIC_NO_PIC = NO;
				GCC_NO_COMMON_BLOCKS = YES;
				GCC_OPTIMIZATION_LEVEL = 0;
				GCC_PREPROCESSOR_DEFINITIONS = (
					"DEBUG=1",
					"$(inherited)",
				);
				GCC_WARN_64_TO_32_BIT_CONVERSION = YES;
				GCC_WARN_ABOUT_RETURN_TYPE = YES_ERROR;
				GCC_WARN_UNDECLARED_SELECTOR = YES;
				GCC_WARN_UNINITIALIZED_AUTOS = YES_AGGRESSIVE;
				GCC_WARN_UNUSED_FUNCTION = YES;
				GCC_WARN_UNUSED_VARIABLE = YES;
				IPHONEOS_DEPLOYMENT_TARGET = 12.4;
				MTL_ENABLE_DEBUG_INFO = INCLUDE_SOURCE;
				MTL_FAST_MATH = YES;
				ONLY_ACTIVE_ARCH = YES;
				SDKROOT = iphoneos;
				SWIFT_ACTIVE_COMPILATION_CONDITIONS = DEBUG;
				SWIFT_OPTIMIZATION_LEVEL = "-Onone";
			};
			name = Debug;
		};
		D36D6FFE2343F1AF005AA574 /* Release */ = {
			isa = XCBuildConfiguration;
			buildSettings = {
				ALWAYS_SEARCH_USER_PATHS = NO;
				CLANG_ANALYZER_NONNULL = YES;
				CLANG_ANALYZER_NUMBER_OBJECT_CONVERSION = YES_AGGRESSIVE;
				CLANG_CXX_LANGUAGE_STANDARD = "gnu++14";
				CLANG_CXX_LIBRARY = "libc++";
				CLANG_ENABLE_MODULES = YES;
				CLANG_ENABLE_OBJC_ARC = YES;
				CLANG_ENABLE_OBJC_WEAK = YES;
				CLANG_WARN_BLOCK_CAPTURE_AUTORELEASING = YES;
				CLANG_WARN_BOOL_CONVERSION = YES;
				CLANG_WARN_COMMA = YES;
				CLANG_WARN_CONSTANT_CONVERSION = YES;
				CLANG_WARN_DEPRECATED_OBJC_IMPLEMENTATIONS = YES;
				CLANG_WARN_DIRECT_OBJC_ISA_USAGE = YES_ERROR;
				CLANG_WARN_DOCUMENTATION_COMMENTS = YES;
				CLANG_WARN_EMPTY_BODY = YES;
				CLANG_WARN_ENUM_CONVERSION = YES;
				CLANG_WARN_INFINITE_RECURSION = YES;
				CLANG_WARN_INT_CONVERSION = YES;
				CLANG_WARN_NON_LITERAL_NULL_CONVERSION = YES;
				CLANG_WARN_OBJC_IMPLICIT_RETAIN_SELF = YES;
				CLANG_WARN_OBJC_LITERAL_CONVERSION = YES;
				CLANG_WARN_OBJC_ROOT_CLASS = YES_ERROR;
				CLANG_WARN_RANGE_LOOP_ANALYSIS = YES;
				CLANG_WARN_STRICT_PROTOTYPES = YES;
				CLANG_WARN_SUSPICIOUS_MOVE = YES;
				CLANG_WARN_UNGUARDED_AVAILABILITY = YES_AGGRESSIVE;
				CLANG_WARN_UNREACHABLE_CODE = YES;
				CLANG_WARN__DUPLICATE_METHOD_MATCH = YES;
				CODE_SIGN_IDENTITY = "iPhone Developer";
				COPY_PHASE_STRIP = NO;
				DEBUG_INFORMATION_FORMAT = "dwarf-with-dsym";
				ENABLE_NS_ASSERTIONS = NO;
				ENABLE_STRICT_OBJC_MSGSEND = YES;
				GCC_C_LANGUAGE_STANDARD = gnu11;
				GCC_NO_COMMON_BLOCKS = YES;
				GCC_WARN_64_TO_32_BIT_CONVERSION = YES;
				GCC_WARN_ABOUT_RETURN_TYPE = YES_ERROR;
				GCC_WARN_UNDECLARED_SELECTOR = YES;
				GCC_WARN_UNINITIALIZED_AUTOS = YES_AGGRESSIVE;
				GCC_WARN_UNUSED_FUNCTION = YES;
				GCC_WARN_UNUSED_VARIABLE = YES;
				IPHONEOS_DEPLOYMENT_TARGET = 12.4;
				MTL_ENABLE_DEBUG_INFO = NO;
				MTL_FAST_MATH = YES;
				SDKROOT = iphoneos;
				SWIFT_COMPILATION_MODE = wholemodule;
				SWIFT_OPTIMIZATION_LEVEL = "-O";
				VALIDATE_PRODUCT = YES;
			};
			name = Release;
		};
		D36D70002343F1AF005AA574 /* Debug */ = {
			isa = XCBuildConfiguration;
			buildSettings = {
				ASSETCATALOG_COMPILER_APPICON_NAME = AppIcon;
				CODE_SIGN_STYLE = Automatic;
				DEVELOPMENT_TEAM = 9YP2WVC7Z2;
				INFOPLIST_FILE = rsqRecruitment/Info.plist;
				LD_RUNPATH_SEARCH_PATHS = (
					"$(inherited)",
					"@executable_path/Frameworks",
				);
				PRODUCT_BUNDLE_IDENTIFIER = com.malewski.rsqRecruitment;
				PRODUCT_NAME = "$(TARGET_NAME)";
				SWIFT_VERSION = 5.0;
				TARGETED_DEVICE_FAMILY = "1,2";
			};
			name = Debug;
		};
		D36D70012343F1AF005AA574 /* Release */ = {
			isa = XCBuildConfiguration;
			buildSettings = {
				ASSETCATALOG_COMPILER_APPICON_NAME = AppIcon;
				CODE_SIGN_STYLE = Automatic;
				DEVELOPMENT_TEAM = 9YP2WVC7Z2;
				INFOPLIST_FILE = rsqRecruitment/Info.plist;
				LD_RUNPATH_SEARCH_PATHS = (
					"$(inherited)",
					"@executable_path/Frameworks",
				);
				PRODUCT_BUNDLE_IDENTIFIER = com.malewski.rsqRecruitment;
				PRODUCT_NAME = "$(TARGET_NAME)";
				SWIFT_VERSION = 5.0;
				TARGETED_DEVICE_FAMILY = "1,2";
			};
			name = Release;
		};
		D36D70032343F1AF005AA574 /* Debug */ = {
			isa = XCBuildConfiguration;
			buildSettings = {
				ALWAYS_EMBED_SWIFT_STANDARD_LIBRARIES = YES;
				BUNDLE_LOADER = "$(TEST_HOST)";
				CODE_SIGN_STYLE = Automatic;
				DEVELOPMENT_TEAM = 9YP2WVC7Z2;
				INFOPLIST_FILE = rsqRecruitmentTests/Info.plist;
				LD_RUNPATH_SEARCH_PATHS = (
					"$(inherited)",
					"@executable_path/Frameworks",
					"@loader_path/Frameworks",
				);
				PRODUCT_BUNDLE_IDENTIFIER = com.malewski.rsqRecruitmentTests;
				PRODUCT_NAME = "$(TARGET_NAME)";
				SWIFT_VERSION = 5.0;
				TARGETED_DEVICE_FAMILY = "1,2";
				TEST_HOST = "$(BUILT_PRODUCTS_DIR)/rsqRecruitment.app/rsqRecruitment";
			};
			name = Debug;
		};
		D36D70042343F1AF005AA574 /* Release */ = {
			isa = XCBuildConfiguration;
			buildSettings = {
				ALWAYS_EMBED_SWIFT_STANDARD_LIBRARIES = YES;
				BUNDLE_LOADER = "$(TEST_HOST)";
				CODE_SIGN_STYLE = Automatic;
				DEVELOPMENT_TEAM = 9YP2WVC7Z2;
				INFOPLIST_FILE = rsqRecruitmentTests/Info.plist;
				LD_RUNPATH_SEARCH_PATHS = (
					"$(inherited)",
					"@executable_path/Frameworks",
					"@loader_path/Frameworks",
				);
				PRODUCT_BUNDLE_IDENTIFIER = com.malewski.rsqRecruitmentTests;
				PRODUCT_NAME = "$(TARGET_NAME)";
				SWIFT_VERSION = 5.0;
				TARGETED_DEVICE_FAMILY = "1,2";
				TEST_HOST = "$(BUILT_PRODUCTS_DIR)/rsqRecruitment.app/rsqRecruitment";
			};
			name = Release;
		};
/* End XCBuildConfiguration section */

/* Begin XCConfigurationList section */
		D36D6FDD2343F1AB005AA574 /* Build configuration list for PBXProject "rsqRecruitment" */ = {
			isa = XCConfigurationList;
			buildConfigurations = (
				D36D6FFD2343F1AF005AA574 /* Debug */,
				D36D6FFE2343F1AF005AA574 /* Release */,
			);
			defaultConfigurationIsVisible = 0;
			defaultConfigurationName = Release;
		};
		D36D6FFF2343F1AF005AA574 /* Build configuration list for PBXNativeTarget "rsqRecruitment" */ = {
			isa = XCConfigurationList;
			buildConfigurations = (
				D36D70002343F1AF005AA574 /* Debug */,
				D36D70012343F1AF005AA574 /* Release */,
			);
			defaultConfigurationIsVisible = 0;
			defaultConfigurationName = Release;
		};
		D36D70022343F1AF005AA574 /* Build configuration list for PBXNativeTarget "rsqRecruitmentTests" */ = {
			isa = XCConfigurationList;
			buildConfigurations = (
				D36D70032343F1AF005AA574 /* Debug */,
				D36D70042343F1AF005AA574 /* Release */,
			);
			defaultConfigurationIsVisible = 0;
			defaultConfigurationName = Release;
		};
/* End XCConfigurationList section */
	};
	rootObject = D36D6FDA2343F1AB005AA574 /* Project object */;
}
